
Microsoft Visual Studio Solution File, Format Version 12.00
# Visual Studio 2012
Project("{FAE04EC0-301F-11D3-BF4B-00C04F79EFBC}") = "WebAppDemo", "WebAppDemo\WebAppDemo.csproj", "{6D7363DF-F1AF-49D9-9152-DE667A966CBF}"
EndProject
Project("{2150E333-8FDC-42A3-9474-1A3956D46DE8}") = "Solution Items", "Solution Items", "{11E52CBC-9302-410B-92B7-1B4BCC64F236}"
	ProjectSection(SolutionItems) = preProject
		index.html = index.html
	EndProjectSection
EndProject
Global
	GlobalSection(SolutionConfigurationPlatforms) = preSolution
		Debug|Any CPU = Debug|Any CPU
		Release|Any CPU = Release|Any CPU
	EndGlobalSection
	GlobalSection(ProjectConfigurationPlatforms) = postSolution
		{6D7363DF-F1AF-49D9-9152-DE667A966CBF}.Debug|Any CPU.ActiveCfg = Debug|Any CPU
		{6D7363DF-F1AF-49D9-9152-DE667A966CBF}.Debug|Any CPU.Build.0 = Debug|Any CPU
		{6D7363DF-F1AF-49D9-9152-DE667A966CBF}.Release|Any CPU.ActiveCfg = Release|Any CPU
		{6D7363DF-F1AF-49D9-9152-DE667A966CBF}.Release|Any CPU.Build.0 = Release|Any CPU
	EndGlobalSection
	GlobalSection(SolutionProperties) = preSolution
		HideSolutionNode = FALSE
	EndGlobalSection
EndGlobal
